
Microsoft Visual Studio Solution File, Format Version 12.00
# Visual Studio Version 17
VisualStudioVersion = 17.1.32414.318
MinimumVisualStudioVersion = 10.0.40219.1
Project("{FAE04EC0-301F-11D3-BF4B-00C04F79EFBC}") = "BadgesTerminal", "BadgesTerminal\BadgesTerminal.csproj", "{BCFF940E-1C59-4579-8858-087713CB945E}"
EndProject
Project("{FAE04EC0-301F-11D3-BF4B-00C04F79EFBC}") = "BadgesServerPrint", "BadgesServerPrint\BadgesServerPrint.csproj", "{2321C822-F8EC-4B05-A16D-FF1BCB14004A}"
EndProject
Project("{2150E333-8FDC-42A3-9474-1A3956D46DE8}") = "UWP", "UWP", "{DC508BE5-BC5D-4DE9-A3FE-324790612753}"
EndProject
Project("{2150E333-8FDC-42A3-9474-1A3956D46DE8}") = "WF", "WF", "{BFE526EB-BE2B-464C-9BB4-9EAC1F2A9540}"
EndProject
Project("{2150E333-8FDC-42A3-9474-1A3956D46DE8}") = "cl", "cl", "{A1476363-FED0-412C-9EF3-D6E3339EEDE9}"
EndProject
Project("{FAE04EC0-301F-11D3-BF4B-00C04F79EFBC}") = "clEventLoggingUWP", "clEventLoggingUWP\clEventLoggingUWP.csproj", "{CEE6E8B4-4C7B-4B04-8B06-9F5B643183D1}"
EndProject
Project("{2150E333-8FDC-42A3-9474-1A3956D46DE8}") = "Documents", "Documents", "{618C5FE7-5876-49FE-B2D0-54C550214B3A}"
	ProjectSection(SolutionItems) = preProject
		README.md = README.md
		Vyhotoveni.txt = Vyhotoveni.txt
		Zadani.txt = Zadani.txt
	EndProjectSection
EndProject
Global
	GlobalSection(SolutionConfigurationPlatforms) = preSolution
		Debug|Any CPU = Debug|Any CPU
		Debug|ARM = Debug|ARM
		Debug|ARM64 = Debug|ARM64
		Debug|x64 = Debug|x64
		Debug|x86 = Debug|x86
		Release|Any CPU = Release|Any CPU
		Release|ARM = Release|ARM
		Release|ARM64 = Release|ARM64
		Release|x64 = Release|x64
		Release|x86 = Release|x86
	EndGlobalSection
	GlobalSection(ProjectConfigurationPlatforms) = postSolution
		{BCFF940E-1C59-4579-8858-087713CB945E}.Debug|Any CPU.ActiveCfg = Debug|x86
		{BCFF940E-1C59-4579-8858-087713CB945E}.Debug|Any CPU.Build.0 = Debug|x86
		{BCFF940E-1C59-4579-8858-087713CB945E}.Debug|Any CPU.Deploy.0 = Debug|x86
		{BCFF940E-1C59-4579-8858-087713CB945E}.Debug|ARM.ActiveCfg = Debug|ARM
		{BCFF940E-1C59-4579-8858-087713CB945E}.Debug|ARM.Build.0 = Debug|ARM
		{BCFF940E-1C59-4579-8858-087713CB945E}.Debug|ARM.Deploy.0 = Debug|ARM
		{BCFF940E-1C59-4579-8858-087713CB945E}.Debug|ARM64.ActiveCfg = Debug|ARM64
		{BCFF940E-1C59-4579-8858-087713CB945E}.Debug|ARM64.Build.0 = Debug|ARM64
		{BCFF940E-1C59-4579-8858-087713CB945E}.Debug|ARM64.Deploy.0 = Debug|ARM64
		{BCFF940E-1C59-4579-8858-087713CB945E}.Debug|x64.ActiveCfg = Debug|x64
		{BCFF940E-1C59-4579-8858-087713CB945E}.Debug|x64.Build.0 = Debug|x64
		{BCFF940E-1C59-4579-8858-087713CB945E}.Debug|x64.Deploy.0 = Debug|x64
		{BCFF940E-1C59-4579-8858-087713CB945E}.Debug|x86.ActiveCfg = Debug|x86
		{BCFF940E-1C59-4579-8858-087713CB945E}.Debug|x86.Build.0 = Debug|x86
		{BCFF940E-1C59-4579-8858-087713CB945E}.Debug|x86.Deploy.0 = Debug|x86
		{BCFF940E-1C59-4579-8858-087713CB945E}.Release|Any CPU.ActiveCfg = Release|x86
		{BCFF940E-1C59-4579-8858-087713CB945E}.Release|ARM.ActiveCfg = Debug|ARM
		{BCFF940E-1C59-4579-8858-087713CB945E}.Release|ARM.Build.0 = Debug|ARM
		{BCFF940E-1C59-4579-8858-087713CB945E}.Release|ARM.Deploy.0 = Debug|ARM
		{BCFF940E-1C59-4579-8858-087713CB945E}.Release|ARM64.ActiveCfg = Release|ARM64
		{BCFF940E-1C59-4579-8858-087713CB945E}.Release|ARM64.Build.0 = Release|ARM64
		{BCFF940E-1C59-4579-8858-087713CB945E}.Release|ARM64.Deploy.0 = Release|ARM64
		{BCFF940E-1C59-4579-8858-087713CB945E}.Release|x64.ActiveCfg = Release|x64
		{BCFF940E-1C59-4579-8858-087713CB945E}.Release|x64.Build.0 = Release|x64
		{BCFF940E-1C59-4579-8858-087713CB945E}.Release|x64.Deploy.0 = Release|x64
		{BCFF940E-1C59-4579-8858-087713CB945E}.Release|x86.ActiveCfg = Release|x86
		{BCFF940E-1C59-4579-8858-087713CB945E}.Release|x86.Build.0 = Release|x86
		{BCFF940E-1C59-4579-8858-087713CB945E}.Release|x86.Deploy.0 = Release|x86
		{2321C822-F8EC-4B05-A16D-FF1BCB14004A}.Debug|Any CPU.ActiveCfg = Debug|Any CPU
		{2321C822-F8EC-4B05-A16D-FF1BCB14004A}.Debug|Any CPU.Build.0 = Debug|Any CPU
		{2321C822-F8EC-4B05-A16D-FF1BCB14004A}.Debug|ARM.ActiveCfg = Debug|Any CPU
		{2321C822-F8EC-4B05-A16D-FF1BCB14004A}.Debug|ARM.Build.0 = Debug|Any CPU
		{2321C822-F8EC-4B05-A16D-FF1BCB14004A}.Debug|ARM64.ActiveCfg = Debug|Any CPU
		{2321C822-F8EC-4B05-A16D-FF1BCB14004A}.Debug|ARM64.Build.0 = Debug|Any CPU
		{2321C822-F8EC-4B05-A16D-FF1BCB14004A}.Debug|x64.ActiveCfg = Debug|Any CPU
		{2321C822-F8EC-4B05-A16D-FF1BCB14004A}.Debug|x64.Build.0 = Debug|Any CPU
		{2321C822-F8EC-4B05-A16D-FF1BCB14004A}.Debug|x86.ActiveCfg = Debug|Any CPU
		{2321C822-F8EC-4B05-A16D-FF1BCB14004A}.Debug|x86.Build.0 = Debug|Any CPU
		{2321C822-F8EC-4B05-A16D-FF1BCB14004A}.Release|Any CPU.ActiveCfg = Release|Any CPU
		{2321C822-F8EC-4B05-A16D-FF1BCB14004A}.Release|Any CPU.Build.0 = Release|Any CPU
		{2321C822-F8EC-4B05-A16D-FF1BCB14004A}.Release|ARM.ActiveCfg = Release|Any CPU
		{2321C822-F8EC-4B05-A16D-FF1BCB14004A}.Release|ARM.Build.0 = Release|Any CPU
		{2321C822-F8EC-4B05-A16D-FF1BCB14004A}.Release|ARM64.ActiveCfg = Release|Any CPU
		{2321C822-F8EC-4B05-A16D-FF1BCB14004A}.Release|ARM64.Build.0 = Release|Any CPU
		{2321C822-F8EC-4B05-A16D-FF1BCB14004A}.Release|x64.ActiveCfg = Release|Any CPU
		{2321C822-F8EC-4B05-A16D-FF1BCB14004A}.Release|x64.Build.0 = Release|Any CPU
		{2321C822-F8EC-4B05-A16D-FF1BCB14004A}.Release|x86.ActiveCfg = Release|Any CPU
		{2321C822-F8EC-4B05-A16D-FF1BCB14004A}.Release|x86.Build.0 = Release|Any CPU
		{CEE6E8B4-4C7B-4B04-8B06-9F5B643183D1}.Debug|Any CPU.ActiveCfg = Debug|Any CPU
		{CEE6E8B4-4C7B-4B04-8B06-9F5B643183D1}.Debug|Any CPU.Build.0 = Debug|Any CPU
		{CEE6E8B4-4C7B-4B04-8B06-9F5B643183D1}.Debug|ARM.ActiveCfg = Debug|ARM
		{CEE6E8B4-4C7B-4B04-8B06-9F5B643183D1}.Debug|ARM.Build.0 = Debug|ARM
		{CEE6E8B4-4C7B-4B04-8B06-9F5B643183D1}.Debug|ARM64.ActiveCfg = Debug|ARM64
		{CEE6E8B4-4C7B-4B04-8B06-9F5B643183D1}.Debug|ARM64.Build.0 = Debug|ARM64
		{CEE6E8B4-4C7B-4B04-8B06-9F5B643183D1}.Debug|x64.ActiveCfg = Debug|x64
		{CEE6E8B4-4C7B-4B04-8B06-9F5B643183D1}.Debug|x64.Build.0 = Debug|x64
		{CEE6E8B4-4C7B-4B04-8B06-9F5B643183D1}.Debug|x86.ActiveCfg = Debug|x86
		{CEE6E8B4-4C7B-4B04-8B06-9F5B643183D1}.Debug|x86.Build.0 = Debug|x86
		{CEE6E8B4-4C7B-4B04-8B06-9F5B643183D1}.Release|Any CPU.ActiveCfg = Release|Any CPU
		{CEE6E8B4-4C7B-4B04-8B06-9F5B643183D1}.Release|Any CPU.Build.0 = Release|Any CPU
		{CEE6E8B4-4C7B-4B04-8B06-9F5B643183D1}.Release|ARM.ActiveCfg = Release|ARM
		{CEE6E8B4-4C7B-4B04-8B06-9F5B643183D1}.Release|ARM.Build.0 = Release|ARM
		{CEE6E8B4-4C7B-4B04-8B06-9F5B643183D1}.Release|ARM64.ActiveCfg = Release|ARM64
		{CEE6E8B4-4C7B-4B04-8B06-9F5B643183D1}.Release|ARM64.Build.0 = Release|ARM64
		{CEE6E8B4-4C7B-4B04-8B06-9F5B643183D1}.Release|x64.ActiveCfg = Release|x64
		{CEE6E8B4-4C7B-4B04-8B06-9F5B643183D1}.Release|x64.Build.0 = Release|x64
		{CEE6E8B4-4C7B-4B04-8B06-9F5B643183D1}.Release|x86.ActiveCfg = Release|x86
		{CEE6E8B4-4C7B-4B04-8B06-9F5B643183D1}.Release|x86.Build.0 = Release|x86
	EndGlobalSection
	GlobalSection(SolutionProperties) = preSolution
		HideSolutionNode = FALSE
	EndGlobalSection
	GlobalSection(NestedProjects) = preSolution
		{BCFF940E-1C59-4579-8858-087713CB945E} = {DC508BE5-BC5D-4DE9-A3FE-324790612753}
		{2321C822-F8EC-4B05-A16D-FF1BCB14004A} = {BFE526EB-BE2B-464C-9BB4-9EAC1F2A9540}
		{CEE6E8B4-4C7B-4B04-8B06-9F5B643183D1} = {A1476363-FED0-412C-9EF3-D6E3339EEDE9}
	EndGlobalSection
	GlobalSection(ExtensibilityGlobals) = postSolution
		SolutionGuid = {CFFE9BA0-A863-4C17-8A84-625A35C967EE}
	EndGlobalSection
EndGlobal
